
Microsoft Visual Studio Solution File, Format Version 12.00
# Visual Studio 15
VisualStudioVersion = 15.0.28010.2026
MinimumVisualStudioVersion = 10.0.40219.1
Project("{9A19103F-16F7-4668-BE54-9A1E7A4F7556}") = "angular2demo", "angular2demo\angular2demo.csproj", "{82FE134F-1F2E-40E4-825E-BE8DA7B2E3B2}"
EndProject
Project("{FAE04EC0-301F-11D3-BF4B-00C04F79EFBC}") = "EmployeWebAPIService", "EmployeWebAPIService\EmployeWebAPIService.csproj", "{B449D9D1-AC96-4738-A19E-211B7AC3BC1E}"
EndProject
Global
	GlobalSection(SolutionConfigurationPlatforms) = preSolution
		Debug|Any CPU = Debug|Any CPU
		Release|Any CPU = Release|Any CPU
	EndGlobalSection
	GlobalSection(ProjectConfigurationPlatforms) = postSolution
		{82FE134F-1F2E-40E4-825E-BE8DA7B2E3B2}.Debug|Any CPU.ActiveCfg = Debug|Any CPU
		{82FE134F-1F2E-40E4-825E-BE8DA7B2E3B2}.Debug|Any CPU.Build.0 = Debug|Any CPU
		{82FE134F-1F2E-40E4-825E-BE8DA7B2E3B2}.Release|Any CPU.ActiveCfg = Release|Any CPU
		{82FE134F-1F2E-40E4-825E-BE8DA7B2E3B2}.Release|Any CPU.Build.0 = Release|Any CPU
		{B449D9D1-AC96-4738-A19E-211B7AC3BC1E}.Debug|Any CPU.ActiveCfg = Debug|Any CPU
		{B449D9D1-AC96-4738-A19E-211B7AC3BC1E}.Debug|Any CPU.Build.0 = Debug|Any CPU
		{B449D9D1-AC96-4738-A19E-211B7AC3BC1E}.Release|Any CPU.ActiveCfg = Release|Any CPU
		{B449D9D1-AC96-4738-A19E-211B7AC3BC1E}.Release|Any CPU.Build.0 = Release|Any CPU
	EndGlobalSection
	GlobalSection(SolutionProperties) = preSolution
		HideSolutionNode = FALSE
	EndGlobalSection
	GlobalSection(ExtensibilityGlobals) = postSolution
		SolutionGuid = {F10699AB-8DE2-4915-8DE0-81E4AC4BD740}
	EndGlobalSection
EndGlobal
